
Microsoft Visual Studio Solution File, Format Version 12.00
# Visual Studio Version 17
VisualStudioVersion = 17.8.34330.188
MinimumVisualStudioVersion = 10.0.40219.1
Project("{9A19103F-16F7-4668-BE54-9A1E7A4F7556}") = "HeroApp", "HeroApp\HeroApp.csproj", "{7FE3D1A1-209E-4E1A-8BB9-14209CA6B64A}"
EndProject
Global
	GlobalSection(SolutionConfigurationPlatforms) = preSolution
		Debug|Any CPU = Debug|Any CPU
		Release|Any CPU = Release|Any CPU
	EndGlobalSection
	GlobalSection(ProjectConfigurationPlatforms) = postSolution
		{7FE3D1A1-209E-4E1A-8BB9-14209CA6B64A}.Debug|Any CPU.ActiveCfg = Debug|Any CPU
		{7FE3D1A1-209E-4E1A-8BB9-14209CA6B64A}.Debug|Any CPU.Build.0 = Debug|Any CPU
		{7FE3D1A1-209E-4E1A-8BB9-14209CA6B64A}.Debug|Any CPU.Deploy.0 = Debug|Any CPU
		{7FE3D1A1-209E-4E1A-8BB9-14209CA6B64A}.Release|Any CPU.ActiveCfg = Release|Any CPU
		{7FE3D1A1-209E-4E1A-8BB9-14209CA6B64A}.Release|Any CPU.Build.0 = Release|Any CPU
		{7FE3D1A1-209E-4E1A-8BB9-14209CA6B64A}.Release|Any CPU.Deploy.0 = Release|Any CPU
	EndGlobalSection
	GlobalSection(SolutionProperties) = preSolution
		HideSolutionNode = FALSE
	EndGlobalSection
	GlobalSection(ExtensibilityGlobals) = postSolution
		SolutionGuid = {77F27A66-B497-4E52-9EEF-EFF190B7E6D1}
	EndGlobalSection
EndGlobal
